
Microsoft Visual Studio Solution File, Format Version 12.00
# Visual Studio Version 17
VisualStudioVersion = 17.0.31903.59
MinimumVisualStudioVersion = 10.0.40219.1
Project("{FAE04EC0-301F-11D3-BF4B-00C04F79EFBC}") = "BlackSeaAIS.Tests", "BlackSeaAIS.Tests\BlackSeaAIS.Tests.csproj", "{D3F6DF01-8079-4A86-96F5-6226B56B508D}"
EndProject
Project("{FAE04EC0-301F-11D3-BF4B-00C04F79EFBC}") = "BlackSeaAIS", "BlackSeaAIS\BlackSeaAIS.csproj", "{4FBA548B-B3B8-408A-B338-632F93381754}"
EndProject
Global
	GlobalSection(SolutionConfigurationPlatforms) = preSolution
		Debug|Any CPU = Debug|Any CPU
		Debug|x64 = Debug|x64
		Debug|x86 = Debug|x86
		Release|Any CPU = Release|Any CPU
		Release|x64 = Release|x64
		Release|x86 = Release|x86
	EndGlobalSection
	GlobalSection(ProjectConfigurationPlatforms) = postSolution
		{D3F6DF01-8079-4A86-96F5-6226B56B508D}.Debug|Any CPU.ActiveCfg = Debug|Any CPU
		{D3F6DF01-8079-4A86-96F5-6226B56B508D}.Debug|Any CPU.Build.0 = Debug|Any CPU
		{D3F6DF01-8079-4A86-96F5-6226B56B508D}.Debug|x64.ActiveCfg = Debug|Any CPU
		{D3F6DF01-8079-4A86-96F5-6226B56B508D}.Debug|x64.Build.0 = Debug|Any CPU
		{D3F6DF01-8079-4A86-96F5-6226B56B508D}.Debug|x86.ActiveCfg = Debug|Any CPU
		{D3F6DF01-8079-4A86-96F5-6226B56B508D}.Debug|x86.Build.0 = Debug|Any CPU
		{D3F6DF01-8079-4A86-96F5-6226B56B508D}.Release|Any CPU.ActiveCfg = Release|Any CPU
		{D3F6DF01-8079-4A86-96F5-6226B56B508D}.Release|Any CPU.Build.0 = Release|Any CPU
		{D3F6DF01-8079-4A86-96F5-6226B56B508D}.Release|x64.ActiveCfg = Release|Any CPU
		{D3F6DF01-8079-4A86-96F5-6226B56B508D}.Release|x64.Build.0 = Release|Any CPU
		{D3F6DF01-8079-4A86-96F5-6226B56B508D}.Release|x86.ActiveCfg = Release|Any CPU
		{D3F6DF01-8079-4A86-96F5-6226B56B508D}.Release|x86.Build.0 = Release|Any CPU
		{4FBA548B-B3B8-408A-B338-632F93381754}.Debug|Any CPU.ActiveCfg = Debug|Any CPU
		{4FBA548B-B3B8-408A-B338-632F93381754}.Debug|Any CPU.Build.0 = Debug|Any CPU
		{4FBA548B-B3B8-408A-B338-632F93381754}.Debug|x64.ActiveCfg = Debug|Any CPU
		{4FBA548B-B3B8-408A-B338-632F93381754}.Debug|x64.Build.0 = Debug|Any CPU
		{4FBA548B-B3B8-408A-B338-632F93381754}.Debug|x86.ActiveCfg = Debug|Any CPU
		{4FBA548B-B3B8-408A-B338-632F93381754}.Debug|x86.Build.0 = Debug|Any CPU
		{4FBA548B-B3B8-408A-B338-632F93381754}.Release|Any CPU.ActiveCfg = Release|Any CPU
		{4FBA548B-B3B8-408A-B338-632F93381754}.Release|Any CPU.Build.0 = Release|Any CPU
		{4FBA548B-B3B8-408A-B338-632F93381754}.Release|x64.ActiveCfg = Release|Any CPU
		{4FBA548B-B3B8-408A-B338-632F93381754}.Release|x64.Build.0 = Release|Any CPU
		{4FBA548B-B3B8-408A-B338-632F93381754}.Release|x86.ActiveCfg = Release|Any CPU
		{4FBA548B-B3B8-408A-B338-632F93381754}.Release|x86.Build.0 = Release|Any CPU
	EndGlobalSection
	GlobalSection(SolutionProperties) = preSolution
		HideSolutionNode = FALSE
	EndGlobalSection
EndGlobal
